
Microsoft Visual Studio Solution File, Format Version 12.00
# Visual Studio Version 16
VisualStudioVersion = 16.0.33130.400
MinimumVisualStudioVersion = 10.0.40219.1
Project("{FAE04EC0-301F-11D3-BF4B-00C04F79EFBC}") = "CHatGPTaPI", "CHatGPTaPI\CHatGPTaPI.csproj", "{A0C440AF-BB2D-40A9-826F-63184A57290D}"
EndProject
Global
	GlobalSection(SolutionConfigurationPlatforms) = preSolution
		Debug|Any CPU = Debug|Any CPU
		Release|Any CPU = Release|Any CPU
	EndGlobalSection
	GlobalSection(ProjectConfigurationPlatforms) = postSolution
		{A0C440AF-BB2D-40A9-826F-63184A57290D}.Debug|Any CPU.ActiveCfg = Debug|Any CPU
		{A0C440AF-BB2D-40A9-826F-63184A57290D}.Debug|Any CPU.Build.0 = Debug|Any CPU
		{A0C440AF-BB2D-40A9-826F-63184A57290D}.Release|Any CPU.ActiveCfg = Release|Any CPU
		{A0C440AF-BB2D-40A9-826F-63184A57290D}.Release|Any CPU.Build.0 = Release|Any CPU
	EndGlobalSection
	GlobalSection(SolutionProperties) = preSolution
		HideSolutionNode = FALSE
	EndGlobalSection
	GlobalSection(ExtensibilityGlobals) = postSolution
		SolutionGuid = {B48F23E4-C4BA-4ED6-90C2-FB12CD901D53}
	EndGlobalSection
EndGlobal
